{
  "requires": true,
  "lockfileVersion": 1,
  "dependencies": {
    "@types/node": {
      "version": "8.10.52",
      "resolved": "https://registry.npmjs.org/@types/node/-/node-8.10.52.tgz",
      "integrity": "sha512-2RbW7WXeLex6RI+kQSxq6Ym0GiVcODeQ4Km7MnnTX5BHdOGQnqVa+s6AUmAW+OFYAJ8wv9QxvNZXm7/kBdGTVw=="
    }
  }
}
